
Microsoft Visual Studio Solution File, Format Version 12.00
# Visual Studio Version 16
VisualStudioVersion = 16.0.29009.5
MinimumVisualStudioVersion = 10.0.40219.1
Project("{FAE04EC0-301F-11D3-BF4B-00C04F79EFBC}") = "Reface.AppStarter.Repository", "Reface.AppStarter.Repository\Reface.AppStarter.Repository.csproj", "{35B1E45E-50FD-4909-AC45-8C15F49817A1}"
EndProject
Global
	GlobalSection(SolutionConfigurationPlatforms) = preSolution
		Debug|Any CPU = Debug|Any CPU
		Release|Any CPU = Release|Any CPU
	EndGlobalSection
	GlobalSection(ProjectConfigurationPlatforms) = postSolution
		{35B1E45E-50FD-4909-AC45-8C15F49817A1}.Debug|Any CPU.ActiveCfg = Debug|Any CPU
		{35B1E45E-50FD-4909-AC45-8C15F49817A1}.Debug|Any CPU.Build.0 = Debug|Any CPU
		{35B1E45E-50FD-4909-AC45-8C15F49817A1}.Release|Any CPU.ActiveCfg = Release|Any CPU
		{35B1E45E-50FD-4909-AC45-8C15F49817A1}.Release|Any CPU.Build.0 = Release|Any CPU
	EndGlobalSection
	GlobalSection(SolutionProperties) = preSolution
		HideSolutionNode = FALSE
	EndGlobalSection
	GlobalSection(ExtensibilityGlobals) = postSolution
		SolutionGuid = {7E6E626A-BA17-4C1A-A552-77FAFD7FBD0B}
	EndGlobalSection
EndGlobal
